
Microsoft Visual Studio Solution File, Format Version 12.00
# Visual Studio 15
VisualStudioVersion = 15.0.28307.1738
MinimumVisualStudioVersion = 10.0.40219.1
Project("{FAE04EC0-301F-11D3-BF4B-00C04F79EFBC}") = "cadTools", "wangjieexe\cadTools.csproj", "{FAB634FF-570A-4C02-B62C-424E18412072}"
EndProject
Global
	GlobalSection(SolutionConfigurationPlatforms) = preSolution
		Debug|Any CPU = Debug|Any CPU
		Debug|x64 = Debug|x64
		Release|Any CPU = Release|Any CPU
		Release|x64 = Release|x64
	EndGlobalSection
	GlobalSection(ProjectConfigurationPlatforms) = postSolution
		{FAB634FF-570A-4C02-B62C-424E18412072}.Debug|Any CPU.ActiveCfg = Debug|Any CPU
		{FAB634FF-570A-4C02-B62C-424E18412072}.Debug|Any CPU.Build.0 = Debug|Any CPU
		{FAB634FF-570A-4C02-B62C-424E18412072}.Debug|x64.ActiveCfg = Debug|x64
		{FAB634FF-570A-4C02-B62C-424E18412072}.Debug|x64.Build.0 = Debug|x64
		{FAB634FF-570A-4C02-B62C-424E18412072}.Release|Any CPU.ActiveCfg = Release|Any CPU
		{FAB634FF-570A-4C02-B62C-424E18412072}.Release|Any CPU.Build.0 = Release|Any CPU
		{FAB634FF-570A-4C02-B62C-424E18412072}.Release|x64.ActiveCfg = Release|x64
		{FAB634FF-570A-4C02-B62C-424E18412072}.Release|x64.Build.0 = Release|x64
	EndGlobalSection
	GlobalSection(SolutionProperties) = preSolution
		HideSolutionNode = FALSE
	EndGlobalSection
	GlobalSection(ExtensibilityGlobals) = postSolution
		SolutionGuid = {AF5D8DB8-115E-48AA-9E54-E3B3334E6976}
	EndGlobalSection
EndGlobal
